
Microsoft Visual Studio Solution File, Format Version 12.00
# Visual Studio Version 17
VisualStudioVersion = 17.12.35707.178
MinimumVisualStudioVersion = 10.0.40219.1
Project("{FAE04EC0-301F-11D3-BF4B-00C04F79EFBC}") = "Task13", "Task13\Task13.csproj", "{EDEE15D4-CC60-4AF4-9E8D-F24F5414D5DC}"
EndProject
Project("{FAE04EC0-301F-11D3-BF4B-00C04F79EFBC}") = "EditionTest", "EditionTest\EditionTest.csproj", "{2201A633-C8E5-4C16-B22E-2D57AF8DAC9C}"
EndProject
Global
	GlobalSection(SolutionConfigurationPlatforms) = preSolution
		Debug|Any CPU = Debug|Any CPU
		Release|Any CPU = Release|Any CPU
	EndGlobalSection
	GlobalSection(ProjectConfigurationPlatforms) = postSolution
		{EDEE15D4-CC60-4AF4-9E8D-F24F5414D5DC}.Debug|Any CPU.ActiveCfg = Debug|Any CPU
		{EDEE15D4-CC60-4AF4-9E8D-F24F5414D5DC}.Debug|Any CPU.Build.0 = Debug|Any CPU
		{EDEE15D4-CC60-4AF4-9E8D-F24F5414D5DC}.Release|Any CPU.ActiveCfg = Release|Any CPU
		{EDEE15D4-CC60-4AF4-9E8D-F24F5414D5DC}.Release|Any CPU.Build.0 = Release|Any CPU
		{2201A633-C8E5-4C16-B22E-2D57AF8DAC9C}.Debug|Any CPU.ActiveCfg = Debug|Any CPU
		{2201A633-C8E5-4C16-B22E-2D57AF8DAC9C}.Debug|Any CPU.Build.0 = Debug|Any CPU
		{2201A633-C8E5-4C16-B22E-2D57AF8DAC9C}.Release|Any CPU.ActiveCfg = Release|Any CPU
		{2201A633-C8E5-4C16-B22E-2D57AF8DAC9C}.Release|Any CPU.Build.0 = Release|Any CPU
	EndGlobalSection
	GlobalSection(SolutionProperties) = preSolution
		HideSolutionNode = FALSE
	EndGlobalSection
EndGlobal
