
Microsoft Visual Studio Solution File, Format Version 12.00
# Visual Studio Version 17
VisualStudioVersion = 17.12.35707.178 d17.12
MinimumVisualStudioVersion = 10.0.40219.1
Project("{FAE04EC0-301F-11D3-BF4B-00C04F79EFBC}") = "Task16", "Task16\Task16.csproj", "{17489400-627C-43E6-83FA-43A43FC81ACF}"
EndProject
Project("{FAE04EC0-301F-11D3-BF4B-00C04F79EFBC}") = "FoodTest", "FoodTest\FoodTest.csproj", "{70086005-816B-468A-9F92-D180A1220DA5}"
EndProject
Global
	GlobalSection(SolutionConfigurationPlatforms) = preSolution
		Debug|Any CPU = Debug|Any CPU
		Release|Any CPU = Release|Any CPU
	EndGlobalSection
	GlobalSection(ProjectConfigurationPlatforms) = postSolution
		{17489400-627C-43E6-83FA-43A43FC81ACF}.Debug|Any CPU.ActiveCfg = Debug|Any CPU
		{17489400-627C-43E6-83FA-43A43FC81ACF}.Debug|Any CPU.Build.0 = Debug|Any CPU
		{17489400-627C-43E6-83FA-43A43FC81ACF}.Release|Any CPU.ActiveCfg = Release|Any CPU
		{17489400-627C-43E6-83FA-43A43FC81ACF}.Release|Any CPU.Build.0 = Release|Any CPU
		{70086005-816B-468A-9F92-D180A1220DA5}.Debug|Any CPU.ActiveCfg = Debug|Any CPU
		{70086005-816B-468A-9F92-D180A1220DA5}.Debug|Any CPU.Build.0 = Debug|Any CPU
		{70086005-816B-468A-9F92-D180A1220DA5}.Release|Any CPU.ActiveCfg = Release|Any CPU
		{70086005-816B-468A-9F92-D180A1220DA5}.Release|Any CPU.Build.0 = Release|Any CPU
	EndGlobalSection
	GlobalSection(SolutionProperties) = preSolution
		HideSolutionNode = FALSE
	EndGlobalSection
EndGlobal
